
Microsoft Visual Studio Solution File, Format Version 12.00
# Visual Studio Version 16
VisualStudioVersion = 16.0.30523.141
MinimumVisualStudioVersion = 10.0.40219.1
Project("{9A19103F-16F7-4668-BE54-9A1E7A4F7556}") = "CoreFunction", "CoreFunction\CoreFunction.csproj", "{90281223-1E17-40B9-BA23-24FDEA926A8C}"
EndProject
Project("{FAE04EC0-301F-11D3-BF4B-00C04F79EFBC}") = "OldEF6Library", "OldEF6Library\OldEF6Library.csproj", "{7B295EC1-D8AF-4349-AC94-35FF24219770}"
EndProject
Project("{9A19103F-16F7-4668-BE54-9A1E7A4F7556}") = "CoreWebApp", "CoreWebApp\CoreWebApp.csproj", "{86C8F4AB-B8A2-4971-BCE4-E40C79DDC0D8}"
EndProject
Project("{9A19103F-16F7-4668-BE54-9A1E7A4F7556}") = "CoreConsoleApp", "CoreConsoleApp\CoreConsoleApp.csproj", "{49B413B9-492F-4F06-9E30-A56B39B951A5}"
EndProject
Global
	GlobalSection(SolutionConfigurationPlatforms) = preSolution
		Debug|Any CPU = Debug|Any CPU
		Release|Any CPU = Release|Any CPU
	EndGlobalSection
	GlobalSection(ProjectConfigurationPlatforms) = postSolution
		{90281223-1E17-40B9-BA23-24FDEA926A8C}.Debug|Any CPU.ActiveCfg = Debug|Any CPU
		{90281223-1E17-40B9-BA23-24FDEA926A8C}.Debug|Any CPU.Build.0 = Debug|Any CPU
		{90281223-1E17-40B9-BA23-24FDEA926A8C}.Release|Any CPU.ActiveCfg = Release|Any CPU
		{90281223-1E17-40B9-BA23-24FDEA926A8C}.Release|Any CPU.Build.0 = Release|Any CPU
		{7B295EC1-D8AF-4349-AC94-35FF24219770}.Debug|Any CPU.ActiveCfg = Debug|Any CPU
		{7B295EC1-D8AF-4349-AC94-35FF24219770}.Debug|Any CPU.Build.0 = Debug|Any CPU
		{7B295EC1-D8AF-4349-AC94-35FF24219770}.Release|Any CPU.ActiveCfg = Release|Any CPU
		{7B295EC1-D8AF-4349-AC94-35FF24219770}.Release|Any CPU.Build.0 = Release|Any CPU
		{86C8F4AB-B8A2-4971-BCE4-E40C79DDC0D8}.Debug|Any CPU.ActiveCfg = Debug|Any CPU
		{86C8F4AB-B8A2-4971-BCE4-E40C79DDC0D8}.Debug|Any CPU.Build.0 = Debug|Any CPU
		{86C8F4AB-B8A2-4971-BCE4-E40C79DDC0D8}.Release|Any CPU.ActiveCfg = Release|Any CPU
		{86C8F4AB-B8A2-4971-BCE4-E40C79DDC0D8}.Release|Any CPU.Build.0 = Release|Any CPU
		{49B413B9-492F-4F06-9E30-A56B39B951A5}.Debug|Any CPU.ActiveCfg = Debug|Any CPU
		{49B413B9-492F-4F06-9E30-A56B39B951A5}.Debug|Any CPU.Build.0 = Debug|Any CPU
		{49B413B9-492F-4F06-9E30-A56B39B951A5}.Release|Any CPU.ActiveCfg = Release|Any CPU
		{49B413B9-492F-4F06-9E30-A56B39B951A5}.Release|Any CPU.Build.0 = Release|Any CPU
	EndGlobalSection
	GlobalSection(SolutionProperties) = preSolution
		HideSolutionNode = FALSE
	EndGlobalSection
	GlobalSection(ExtensibilityGlobals) = postSolution
		SolutionGuid = {FA726D8B-137F-4AB5-B1F7-C7FB4C8A994A}
	EndGlobalSection
EndGlobal
